
Microsoft Visual Studio Solution File, Format Version 12.00
# Visual Studio Version 16
VisualStudioVersion = 16.0.31005.135
MinimumVisualStudioVersion = 10.0.40219.1
Project("{F184B08F-C81C-45F6-A57F-5ABD9991F28F}") = "Tarea 8", "Tarea 8\Tarea 8.vbproj", "{ED969671-72E3-45E5-8176-67C78841BD9C}"
EndProject
Global
	GlobalSection(SolutionConfigurationPlatforms) = preSolution
		Debug|Any CPU = Debug|Any CPU
		Release|Any CPU = Release|Any CPU
	EndGlobalSection
	GlobalSection(ProjectConfigurationPlatforms) = postSolution
		{ED969671-72E3-45E5-8176-67C78841BD9C}.Debug|Any CPU.ActiveCfg = Debug|Any CPU
		{ED969671-72E3-45E5-8176-67C78841BD9C}.Debug|Any CPU.Build.0 = Debug|Any CPU
		{ED969671-72E3-45E5-8176-67C78841BD9C}.Release|Any CPU.ActiveCfg = Release|Any CPU
		{ED969671-72E3-45E5-8176-67C78841BD9C}.Release|Any CPU.Build.0 = Release|Any CPU
	EndGlobalSection
	GlobalSection(SolutionProperties) = preSolution
		HideSolutionNode = FALSE
	EndGlobalSection
	GlobalSection(ExtensibilityGlobals) = postSolution
		SolutionGuid = {2A34920E-6AC9-48A7-8E17-989A5884C634}
	EndGlobalSection
EndGlobal
